
Microsoft Visual Studio Solution File, Format Version 12.00
# Visual Studio Version 16
VisualStudioVersion = 16.0.29411.108
MinimumVisualStudioVersion = 10.0.40219.1
Project("{FAE04EC0-301F-11D3-BF4B-00C04F79EFBC}") = "Problem3", "Problem3\Problem3.csproj", "{2A7271CE-6ABD-496E-8049-C8E8E3073B4F}"
EndProject
Project("{FAE04EC0-301F-11D3-BF4B-00C04F79EFBC}") = "Problem4", "Problem4\Problem4.csproj", "{20601F1E-58E9-4A67-8DBA-CB2DE28A651E}"
EndProject
Project("{FAE04EC0-301F-11D3-BF4B-00C04F79EFBC}") = "Problem5", "Problem5\Problem5.csproj", "{3B527A1E-119A-48C4-AFC0-E2560A09D9DD}"
EndProject
Global
	GlobalSection(SolutionConfigurationPlatforms) = preSolution
		Debug|Any CPU = Debug|Any CPU
		Release|Any CPU = Release|Any CPU
	EndGlobalSection
	GlobalSection(ProjectConfigurationPlatforms) = postSolution
		{2A7271CE-6ABD-496E-8049-C8E8E3073B4F}.Debug|Any CPU.ActiveCfg = Debug|Any CPU
		{2A7271CE-6ABD-496E-8049-C8E8E3073B4F}.Debug|Any CPU.Build.0 = Debug|Any CPU
		{2A7271CE-6ABD-496E-8049-C8E8E3073B4F}.Release|Any CPU.ActiveCfg = Release|Any CPU
		{2A7271CE-6ABD-496E-8049-C8E8E3073B4F}.Release|Any CPU.Build.0 = Release|Any CPU
		{20601F1E-58E9-4A67-8DBA-CB2DE28A651E}.Debug|Any CPU.ActiveCfg = Debug|Any CPU
		{20601F1E-58E9-4A67-8DBA-CB2DE28A651E}.Debug|Any CPU.Build.0 = Debug|Any CPU
		{20601F1E-58E9-4A67-8DBA-CB2DE28A651E}.Release|Any CPU.ActiveCfg = Release|Any CPU
		{20601F1E-58E9-4A67-8DBA-CB2DE28A651E}.Release|Any CPU.Build.0 = Release|Any CPU
		{3B527A1E-119A-48C4-AFC0-E2560A09D9DD}.Debug|Any CPU.ActiveCfg = Debug|Any CPU
		{3B527A1E-119A-48C4-AFC0-E2560A09D9DD}.Debug|Any CPU.Build.0 = Debug|Any CPU
		{3B527A1E-119A-48C4-AFC0-E2560A09D9DD}.Release|Any CPU.ActiveCfg = Release|Any CPU
		{3B527A1E-119A-48C4-AFC0-E2560A09D9DD}.Release|Any CPU.Build.0 = Release|Any CPU
	EndGlobalSection
	GlobalSection(SolutionProperties) = preSolution
		HideSolutionNode = FALSE
	EndGlobalSection
	GlobalSection(ExtensibilityGlobals) = postSolution
		SolutionGuid = {6412508C-85AF-46DA-8FD4-2BEE00CAA935}
	EndGlobalSection
EndGlobal
